
Microsoft Visual Studio Solution File, Format Version 12.00
# Visual Studio Version 16
VisualStudioVersion = 16.0.32126.315
MinimumVisualStudioVersion = 10.0.40219.1
Project("{9A19103F-16F7-4668-BE54-9A1E7A4F7556}") = "deafio csharp", "..\..\..\source\repos\deafio csharp\deafio csharp.csproj", "{BD7B848B-8CED-4B6F-83B6-2A510CC5BC06}"
EndProject
Project("{9A19103F-16F7-4668-BE54-9A1E7A4F7556}") = "leia o lado de um quadrado", "..\..\..\source\repos\leia o lado de um quadrado\leia o lado de um quadrado.csproj", "{96FA9B1C-3526-4380-A328-EF15923227A6}"
EndProject
Project("{9A19103F-16F7-4668-BE54-9A1E7A4F7556}") = "leia a largura e altura", "..\..\..\source\repos\leia a largura e altura\leia a largura e altura.csproj", "{CDBFBB08-FBA1-4F76-8BCE-D47409B3A198}"
EndProject
Project("{9A19103F-16F7-4668-BE54-9A1E7A4F7556}") = "soma  e media de 4 valores", "..\..\..\source\repos\soma  e media de 4 valores\soma  e media de 4 valores.csproj", "{219837D4-6F84-4032-8D21-C4900E41124C}"
EndProject
Project("{9A19103F-16F7-4668-BE54-9A1E7A4F7556}") = "inteiro ou real", "..\..\..\source\repos\inteiro ou real\inteiro ou real.csproj", "{A727C73E-0DCD-4610-969C-5CF175F3EB7C}"
EndProject
Global
	GlobalSection(SolutionConfigurationPlatforms) = preSolution
		Debug|Any CPU = Debug|Any CPU
		Release|Any CPU = Release|Any CPU
	EndGlobalSection
	GlobalSection(ProjectConfigurationPlatforms) = postSolution
		{BD7B848B-8CED-4B6F-83B6-2A510CC5BC06}.Debug|Any CPU.ActiveCfg = Debug|Any CPU
		{BD7B848B-8CED-4B6F-83B6-2A510CC5BC06}.Debug|Any CPU.Build.0 = Debug|Any CPU
		{BD7B848B-8CED-4B6F-83B6-2A510CC5BC06}.Release|Any CPU.ActiveCfg = Release|Any CPU
		{BD7B848B-8CED-4B6F-83B6-2A510CC5BC06}.Release|Any CPU.Build.0 = Release|Any CPU
		{96FA9B1C-3526-4380-A328-EF15923227A6}.Debug|Any CPU.ActiveCfg = Debug|Any CPU
		{96FA9B1C-3526-4380-A328-EF15923227A6}.Debug|Any CPU.Build.0 = Debug|Any CPU
		{96FA9B1C-3526-4380-A328-EF15923227A6}.Release|Any CPU.ActiveCfg = Release|Any CPU
		{96FA9B1C-3526-4380-A328-EF15923227A6}.Release|Any CPU.Build.0 = Release|Any CPU
		{CDBFBB08-FBA1-4F76-8BCE-D47409B3A198}.Debug|Any CPU.ActiveCfg = Debug|Any CPU
		{CDBFBB08-FBA1-4F76-8BCE-D47409B3A198}.Debug|Any CPU.Build.0 = Debug|Any CPU
		{CDBFBB08-FBA1-4F76-8BCE-D47409B3A198}.Release|Any CPU.ActiveCfg = Release|Any CPU
		{CDBFBB08-FBA1-4F76-8BCE-D47409B3A198}.Release|Any CPU.Build.0 = Release|Any CPU
		{219837D4-6F84-4032-8D21-C4900E41124C}.Debug|Any CPU.ActiveCfg = Debug|Any CPU
		{219837D4-6F84-4032-8D21-C4900E41124C}.Debug|Any CPU.Build.0 = Debug|Any CPU
		{219837D4-6F84-4032-8D21-C4900E41124C}.Release|Any CPU.ActiveCfg = Release|Any CPU
		{219837D4-6F84-4032-8D21-C4900E41124C}.Release|Any CPU.Build.0 = Release|Any CPU
		{A727C73E-0DCD-4610-969C-5CF175F3EB7C}.Debug|Any CPU.ActiveCfg = Debug|Any CPU
		{A727C73E-0DCD-4610-969C-5CF175F3EB7C}.Debug|Any CPU.Build.0 = Debug|Any CPU
		{A727C73E-0DCD-4610-969C-5CF175F3EB7C}.Release|Any CPU.ActiveCfg = Release|Any CPU
		{A727C73E-0DCD-4610-969C-5CF175F3EB7C}.Release|Any CPU.Build.0 = Release|Any CPU
	EndGlobalSection
	GlobalSection(SolutionProperties) = preSolution
		HideSolutionNode = FALSE
	EndGlobalSection
	GlobalSection(ExtensibilityGlobals) = postSolution
		SolutionGuid = {0276BBB4-5D5F-4AD6-B80F-83AAC5C7F04E}
	EndGlobalSection
EndGlobal
